
Microsoft Visual Studio Solution File, Format Version 12.00
# Visual Studio Version 16
VisualStudioVersion = 16.0.30320.27
MinimumVisualStudioVersion = 10.0.40219.1
Project("{2150E333-8FDC-42A3-9474-1A3956D46DE8}") = "0.Solution Items", "0.Solution Items", "{63D29C6B-5297-4ED3-B324-2565CD48EEC4}"
	ProjectSection(SolutionItems) = preProject
		README.md = README.md
	EndProjectSection
EndProject
Project("{9A19103F-16F7-4668-BE54-9A1E7A4F7556}") = "EshopSolution.Data", "EshopSolution.Data\EshopSolution.Data.csproj", "{FB120017-6CB7-4A83-99B8-80EE8E7F6542}"
EndProject
Project("{9A19103F-16F7-4668-BE54-9A1E7A4F7556}") = "EshopSolution.Application", "EshopSolution.Application\EshopSolution.Application.csproj", "{9B254FD0-8F74-425B-8757-A1C7B1E1D7A1}"
EndProject
Project("{9A19103F-16F7-4668-BE54-9A1E7A4F7556}") = "EshopSolution.Utilities", "EshopSolution.Utilities\EshopSolution.Utilities.csproj", "{97932EA1-C167-472B-B906-8522B1D957B0}"
EndProject
Project("{9A19103F-16F7-4668-BE54-9A1E7A4F7556}") = "EshopSolution.ViewModel", "EshopSolution.ViewModel\EshopSolution.ViewModel.csproj", "{4D2E86BD-7500-4357-95C7-67B0BEFE4E2D}"
EndProject
Project("{9A19103F-16F7-4668-BE54-9A1E7A4F7556}") = "EshopSolution.BackEndApi", "EshopSolution.BackEndApi\EshopSolution.BackEndApi.csproj", "{70E4879C-D440-41AE-BDCB-3A2A8BCA3763}"
EndProject
Project("{2150E333-8FDC-42A3-9474-1A3956D46DE8}") = "1.Infrastructure", "1.Infrastructure", "{DB713921-466C-4395-A802-F43ACB4025B1}"
EndProject
Project("{2150E333-8FDC-42A3-9474-1A3956D46DE8}") = "2.Domain", "2.Domain", "{C4EA76CB-E45A-45DF-835E-E851E19CC7BC}"
EndProject
Project("{2150E333-8FDC-42A3-9474-1A3956D46DE8}") = "3.Host", "3.Host", "{6E1B39ED-6B26-4C40-B937-14226C26DC58}"
EndProject
Project("{9A19103F-16F7-4668-BE54-9A1E7A4F7556}") = "EshopSolution.AdminApp", "EshopSolution.AdminApp\EshopSolution.AdminApp.csproj", "{57D27F12-6141-4DF6-93E8-FF608E9588E8}"
EndProject
Project("{FAE04EC0-301F-11D3-BF4B-00C04F79EFBC}") = "WebApp", "WebApp\WebApp.csproj", "{2FC28B84-12E4-402B-98E1-57DFF8DF6F46}"
EndProject
Global
	GlobalSection(SolutionConfigurationPlatforms) = preSolution
		Debug|Any CPU = Debug|Any CPU
		Release|Any CPU = Release|Any CPU
	EndGlobalSection
	GlobalSection(ProjectConfigurationPlatforms) = postSolution
		{FB120017-6CB7-4A83-99B8-80EE8E7F6542}.Debug|Any CPU.ActiveCfg = Debug|Any CPU
		{FB120017-6CB7-4A83-99B8-80EE8E7F6542}.Debug|Any CPU.Build.0 = Debug|Any CPU
		{FB120017-6CB7-4A83-99B8-80EE8E7F6542}.Release|Any CPU.ActiveCfg = Release|Any CPU
		{FB120017-6CB7-4A83-99B8-80EE8E7F6542}.Release|Any CPU.Build.0 = Release|Any CPU
		{9B254FD0-8F74-425B-8757-A1C7B1E1D7A1}.Debug|Any CPU.ActiveCfg = Debug|Any CPU
		{9B254FD0-8F74-425B-8757-A1C7B1E1D7A1}.Debug|Any CPU.Build.0 = Debug|Any CPU
		{9B254FD0-8F74-425B-8757-A1C7B1E1D7A1}.Release|Any CPU.ActiveCfg = Release|Any CPU
		{9B254FD0-8F74-425B-8757-A1C7B1E1D7A1}.Release|Any CPU.Build.0 = Release|Any CPU
		{97932EA1-C167-472B-B906-8522B1D957B0}.Debug|Any CPU.ActiveCfg = Debug|Any CPU
		{97932EA1-C167-472B-B906-8522B1D957B0}.Debug|Any CPU.Build.0 = Debug|Any CPU
		{97932EA1-C167-472B-B906-8522B1D957B0}.Release|Any CPU.ActiveCfg = Release|Any CPU
		{97932EA1-C167-472B-B906-8522B1D957B0}.Release|Any CPU.Build.0 = Release|Any CPU
		{4D2E86BD-7500-4357-95C7-67B0BEFE4E2D}.Debug|Any CPU.ActiveCfg = Debug|Any CPU
		{4D2E86BD-7500-4357-95C7-67B0BEFE4E2D}.Debug|Any CPU.Build.0 = Debug|Any CPU
		{4D2E86BD-7500-4357-95C7-67B0BEFE4E2D}.Release|Any CPU.ActiveCfg = Release|Any CPU
		{4D2E86BD-7500-4357-95C7-67B0BEFE4E2D}.Release|Any CPU.Build.0 = Release|Any CPU
		{70E4879C-D440-41AE-BDCB-3A2A8BCA3763}.Debug|Any CPU.ActiveCfg = Debug|Any CPU
		{70E4879C-D440-41AE-BDCB-3A2A8BCA3763}.Debug|Any CPU.Build.0 = Debug|Any CPU
		{70E4879C-D440-41AE-BDCB-3A2A8BCA3763}.Release|Any CPU.ActiveCfg = Release|Any CPU
		{70E4879C-D440-41AE-BDCB-3A2A8BCA3763}.Release|Any CPU.Build.0 = Release|Any CPU
		{57D27F12-6141-4DF6-93E8-FF608E9588E8}.Debug|Any CPU.ActiveCfg = Debug|Any CPU
		{57D27F12-6141-4DF6-93E8-FF608E9588E8}.Debug|Any CPU.Build.0 = Debug|Any CPU
		{57D27F12-6141-4DF6-93E8-FF608E9588E8}.Release|Any CPU.ActiveCfg = Release|Any CPU
		{57D27F12-6141-4DF6-93E8-FF608E9588E8}.Release|Any CPU.Build.0 = Release|Any CPU
		{2FC28B84-12E4-402B-98E1-57DFF8DF6F46}.Debug|Any CPU.ActiveCfg = Debug|Any CPU
		{2FC28B84-12E4-402B-98E1-57DFF8DF6F46}.Debug|Any CPU.Build.0 = Debug|Any CPU
		{2FC28B84-12E4-402B-98E1-57DFF8DF6F46}.Release|Any CPU.ActiveCfg = Release|Any CPU
		{2FC28B84-12E4-402B-98E1-57DFF8DF6F46}.Release|Any CPU.Build.0 = Release|Any CPU
	EndGlobalSection
	GlobalSection(SolutionProperties) = preSolution
		HideSolutionNode = FALSE
	EndGlobalSection
	GlobalSection(NestedProjects) = preSolution
		{FB120017-6CB7-4A83-99B8-80EE8E7F6542} = {C4EA76CB-E45A-45DF-835E-E851E19CC7BC}
		{9B254FD0-8F74-425B-8757-A1C7B1E1D7A1} = {C4EA76CB-E45A-45DF-835E-E851E19CC7BC}
		{97932EA1-C167-472B-B906-8522B1D957B0} = {DB713921-466C-4395-A802-F43ACB4025B1}
		{4D2E86BD-7500-4357-95C7-67B0BEFE4E2D} = {DB713921-466C-4395-A802-F43ACB4025B1}
		{70E4879C-D440-41AE-BDCB-3A2A8BCA3763} = {6E1B39ED-6B26-4C40-B937-14226C26DC58}
		{57D27F12-6141-4DF6-93E8-FF608E9588E8} = {6E1B39ED-6B26-4C40-B937-14226C26DC58}
		{2FC28B84-12E4-402B-98E1-57DFF8DF6F46} = {6E1B39ED-6B26-4C40-B937-14226C26DC58}
	EndGlobalSection
	GlobalSection(ExtensibilityGlobals) = postSolution
		SolutionGuid = {84864F8D-4583-46EB-B96B-58EDD44A54F5}
	EndGlobalSection
EndGlobal
